
Microsoft Visual Studio Solution File, Format Version 12.00
# Visual Studio Version 16
VisualStudioVersion = 16.0.31624.102
MinimumVisualStudioVersion = 10.0.40219.1
Project("{FAE04EC0-301F-11D3-BF4B-00C04F79EFBC}") = "ResumeParserService", "ResumeParserService\ResumeParserService.csproj", "{AB18BED2-E50B-4C79-833C-6A2F035C2528}"
EndProject
Project("{FAE04EC0-301F-11D3-BF4B-00C04F79EFBC}") = "ResumeParserCore", "ResumeParserCore\ResumeParserCore.csproj", "{264185FD-282F-4559-8997-59CA6F9212D7}"
EndProject
Project("{FAE04EC0-301F-11D3-BF4B-00C04F79EFBC}") = "ResumeParserModel", "ResumeParserModel\ResumeParserModel.csproj", "{F6443FAA-AA8F-4E99-9768-72F71E23AE82}"
EndProject
Global
	GlobalSection(SolutionConfigurationPlatforms) = preSolution
		Debug|Any CPU = Debug|Any CPU
		Release|Any CPU = Release|Any CPU
	EndGlobalSection
	GlobalSection(ProjectConfigurationPlatforms) = postSolution
		{AB18BED2-E50B-4C79-833C-6A2F035C2528}.Debug|Any CPU.ActiveCfg = Debug|Any CPU
		{AB18BED2-E50B-4C79-833C-6A2F035C2528}.Debug|Any CPU.Build.0 = Debug|Any CPU
		{AB18BED2-E50B-4C79-833C-6A2F035C2528}.Release|Any CPU.ActiveCfg = Release|Any CPU
		{AB18BED2-E50B-4C79-833C-6A2F035C2528}.Release|Any CPU.Build.0 = Release|Any CPU
		{264185FD-282F-4559-8997-59CA6F9212D7}.Debug|Any CPU.ActiveCfg = Debug|Any CPU
		{264185FD-282F-4559-8997-59CA6F9212D7}.Debug|Any CPU.Build.0 = Debug|Any CPU
		{264185FD-282F-4559-8997-59CA6F9212D7}.Release|Any CPU.ActiveCfg = Release|Any CPU
		{264185FD-282F-4559-8997-59CA6F9212D7}.Release|Any CPU.Build.0 = Release|Any CPU
		{F6443FAA-AA8F-4E99-9768-72F71E23AE82}.Debug|Any CPU.ActiveCfg = Debug|Any CPU
		{F6443FAA-AA8F-4E99-9768-72F71E23AE82}.Debug|Any CPU.Build.0 = Debug|Any CPU
		{F6443FAA-AA8F-4E99-9768-72F71E23AE82}.Release|Any CPU.ActiveCfg = Release|Any CPU
		{F6443FAA-AA8F-4E99-9768-72F71E23AE82}.Release|Any CPU.Build.0 = Release|Any CPU
	EndGlobalSection
	GlobalSection(SolutionProperties) = preSolution
		HideSolutionNode = FALSE
	EndGlobalSection
	GlobalSection(ExtensibilityGlobals) = postSolution
		SolutionGuid = {C8D776B8-DD80-40BA-93B5-CC16DF1D3F52}
	EndGlobalSection
EndGlobal
